PODS:
  - AGAsyncTestHelper (1.0):
    - AGAsyncTestHelper/Core
  - AGAsyncTestHelper/Core (1.0)
  - OCMock (2.2.2)
  - SSZipArchive (0.3.2)
  - TCBlobDownload (1.4.0)

DEPENDENCIES:
  - AGAsyncTestHelper
  - OCMock
  - SSZipArchive
  - TCBlobDownload

SPEC CHECKSUMS:
  AGAsyncTestHelper: fc9d44460933d8167ae431f466ab3a09a5121582
  OCMock: ee92ff671156212865397cd6fbae60a2d3698fb8
  SSZipArchive: 11299a4e89821bd4085b12f25edaa85853e0051c
  TCBlobDownload: c403c54af699f445de52c82ac851084395483904

COCOAPODS: 0.34.1
